
Microsoft Visual Studio Solution File, Format Version 12.00
# Visual Studio Version 17
VisualStudioVersion = 17.4.32804.182
MinimumVisualStudioVersion = 10.0.40219.1
Project("{FAE04EC0-301F-11D3-BF4B-00C04F79EFBC}") = "FrenchBibleApi", "FrenchBibleApi\FrenchBibleApi.csproj", "{A5B2B456-39FA-4CD6-8378-E9ECFBC893D3}"
EndProject
Global
	GlobalSection(SolutionConfigurationPlatforms) = preSolution
		Debug|Any CPU = Debug|Any CPU
		Release|Any CPU = Release|Any CPU
	EndGlobalSection
	GlobalSection(ProjectConfigurationPlatforms) = postSolution
		{A5B2B456-39FA-4CD6-8378-E9ECFBC893D3}.Debug|Any CPU.ActiveCfg = Debug|Any CPU
		{A5B2B456-39FA-4CD6-8378-E9ECFBC893D3}.Debug|Any CPU.Build.0 = Debug|Any CPU
		{A5B2B456-39FA-4CD6-8378-E9ECFBC893D3}.Release|Any CPU.ActiveCfg = Release|Any CPU
		{A5B2B456-39FA-4CD6-8378-E9ECFBC893D3}.Release|Any CPU.Build.0 = Release|Any CPU
	EndGlobalSection
	GlobalSection(SolutionProperties) = preSolution
		HideSolutionNode = FALSE
	EndGlobalSection
	GlobalSection(ExtensibilityGlobals) = postSolution
		SolutionGuid = {E0F4C678-F52E-440C-A20A-6BA331512199}
	EndGlobalSection
EndGlobal
